
Microsoft Visual Studio Solution File, Format Version 12.00
# Visual Studio Version 16
VisualStudioVersion = 16.0.31205.134
MinimumVisualStudioVersion = 10.0.40219.1
Project("{FAE04EC0-301F-11D3-BF4B-00C04F79EFBC}") = "LINQ Operators - Quantifier 3", "LINQ Operators - Quantifier 3.csproj", "{2281C9FA-186C-45FA-8949-D1713AA56948}"
EndProject
Global
	GlobalSection(SolutionConfigurationPlatforms) = preSolution
		Debug|Any CPU = Debug|Any CPU
		Release|Any CPU = Release|Any CPU
	EndGlobalSection
	GlobalSection(ProjectConfigurationPlatforms) = postSolution
		{2281C9FA-186C-45FA-8949-D1713AA56948}.Debug|Any CPU.ActiveCfg = Debug|Any CPU
		{2281C9FA-186C-45FA-8949-D1713AA56948}.Debug|Any CPU.Build.0 = Debug|Any CPU
		{2281C9FA-186C-45FA-8949-D1713AA56948}.Release|Any CPU.ActiveCfg = Release|Any CPU
		{2281C9FA-186C-45FA-8949-D1713AA56948}.Release|Any CPU.Build.0 = Release|Any CPU
	EndGlobalSection
	GlobalSection(SolutionProperties) = preSolution
		HideSolutionNode = FALSE
	EndGlobalSection
	GlobalSection(ExtensibilityGlobals) = postSolution
		SolutionGuid = {93A2BE6F-DF42-450B-8EB8-0E02CB535FEB}
	EndGlobalSection
EndGlobal
