
Microsoft Visual Studio Solution File, Format Version 12.00
# Visual Studio Version 16
VisualStudioVersion = 16.0.31205.134
MinimumVisualStudioVersion = 10.0.40219.1
Project("{FAE04EC0-301F-11D3-BF4B-00C04F79EFBC}") = "LINQ Operators - Grouping 1", "LINQ Operators - Grouping 1.csproj", "{D9F111E1-5334-4F20-8EF6-42999718DA8B}"
EndProject
Global
	GlobalSection(SolutionConfigurationPlatforms) = preSolution
		Debug|Any CPU = Debug|Any CPU
		Release|Any CPU = Release|Any CPU
	EndGlobalSection
	GlobalSection(ProjectConfigurationPlatforms) = postSolution
		{D9F111E1-5334-4F20-8EF6-42999718DA8B}.Debug|Any CPU.ActiveCfg = Debug|Any CPU
		{D9F111E1-5334-4F20-8EF6-42999718DA8B}.Debug|Any CPU.Build.0 = Debug|Any CPU
		{D9F111E1-5334-4F20-8EF6-42999718DA8B}.Release|Any CPU.ActiveCfg = Release|Any CPU
		{D9F111E1-5334-4F20-8EF6-42999718DA8B}.Release|Any CPU.Build.0 = Release|Any CPU
	EndGlobalSection
	GlobalSection(SolutionProperties) = preSolution
		HideSolutionNode = FALSE
	EndGlobalSection
	GlobalSection(ExtensibilityGlobals) = postSolution
		SolutionGuid = {E54773F6-E90B-44B3-B173-1AE108BA0FC1}
	EndGlobalSection
EndGlobal
