
Microsoft Visual Studio Solution File, Format Version 12.00
# Visual Studio Version 16
VisualStudioVersion = 16.0.31205.134
MinimumVisualStudioVersion = 10.0.40219.1
Project("{FAE04EC0-301F-11D3-BF4B-00C04F79EFBC}") = "LINQ_Operators- Join 3", "LINQ_Operators- Join 3.csproj", "{0A363304-6EB6-44B5-8C82-E4E87EEACCDF}"
EndProject
Global
	GlobalSection(SolutionConfigurationPlatforms) = preSolution
		Debug|Any CPU = Debug|Any CPU
		Release|Any CPU = Release|Any CPU
	EndGlobalSection
	GlobalSection(ProjectConfigurationPlatforms) = postSolution
		{0A363304-6EB6-44B5-8C82-E4E87EEACCDF}.Debug|Any CPU.ActiveCfg = Debug|Any CPU
		{0A363304-6EB6-44B5-8C82-E4E87EEACCDF}.Debug|Any CPU.Build.0 = Debug|Any CPU
		{0A363304-6EB6-44B5-8C82-E4E87EEACCDF}.Release|Any CPU.ActiveCfg = Release|Any CPU
		{0A363304-6EB6-44B5-8C82-E4E87EEACCDF}.Release|Any CPU.Build.0 = Release|Any CPU
	EndGlobalSection
	GlobalSection(SolutionProperties) = preSolution
		HideSolutionNode = FALSE
	EndGlobalSection
	GlobalSection(ExtensibilityGlobals) = postSolution
		SolutionGuid = {001D899F-2B74-4C2D-AE71-347C159516EF}
	EndGlobalSection
EndGlobal
