
Microsoft Visual Studio Solution File, Format Version 12.00
# Visual Studio Version 16
VisualStudioVersion = 16.0.31205.134
MinimumVisualStudioVersion = 10.0.40219.1
Project("{FAE04EC0-301F-11D3-BF4B-00C04F79EFBC}") = "LINQ Operators - Set 2", "LINQ Operators - Set 2.csproj", "{B6A167B5-551B-4C72-BF0E-072D9F686905}"
EndProject
Global
	GlobalSection(SolutionConfigurationPlatforms) = preSolution
		Debug|Any CPU = Debug|Any CPU
		Release|Any CPU = Release|Any CPU
	EndGlobalSection
	GlobalSection(ProjectConfigurationPlatforms) = postSolution
		{B6A167B5-551B-4C72-BF0E-072D9F686905}.Debug|Any CPU.ActiveCfg = Debug|Any CPU
		{B6A167B5-551B-4C72-BF0E-072D9F686905}.Debug|Any CPU.Build.0 = Debug|Any CPU
		{B6A167B5-551B-4C72-BF0E-072D9F686905}.Release|Any CPU.ActiveCfg = Release|Any CPU
		{B6A167B5-551B-4C72-BF0E-072D9F686905}.Release|Any CPU.Build.0 = Release|Any CPU
	EndGlobalSection
	GlobalSection(SolutionProperties) = preSolution
		HideSolutionNode = FALSE
	EndGlobalSection
	GlobalSection(ExtensibilityGlobals) = postSolution
		SolutionGuid = {61566AAF-460F-4723-8D53-AA4E5E33AF2B}
	EndGlobalSection
EndGlobal
