
Microsoft Visual Studio Solution File, Format Version 12.00
# Visual Studio Version 16
VisualStudioVersion = 16.0.31205.134
MinimumVisualStudioVersion = 10.0.40219.1
Project("{FAE04EC0-301F-11D3-BF4B-00C04F79EFBC}") = "LINQ Operators - Element 3", "LINQ Operators - Element 3.csproj", "{1190AADD-8105-4379-863D-F0C71396DBB2}"
EndProject
Global
	GlobalSection(SolutionConfigurationPlatforms) = preSolution
		Debug|Any CPU = Debug|Any CPU
		Release|Any CPU = Release|Any CPU
	EndGlobalSection
	GlobalSection(ProjectConfigurationPlatforms) = postSolution
		{1190AADD-8105-4379-863D-F0C71396DBB2}.Debug|Any CPU.ActiveCfg = Debug|Any CPU
		{1190AADD-8105-4379-863D-F0C71396DBB2}.Debug|Any CPU.Build.0 = Debug|Any CPU
		{1190AADD-8105-4379-863D-F0C71396DBB2}.Release|Any CPU.ActiveCfg = Release|Any CPU
		{1190AADD-8105-4379-863D-F0C71396DBB2}.Release|Any CPU.Build.0 = Release|Any CPU
	EndGlobalSection
	GlobalSection(SolutionProperties) = preSolution
		HideSolutionNode = FALSE
	EndGlobalSection
	GlobalSection(ExtensibilityGlobals) = postSolution
		SolutionGuid = {BBDCF76B-FC1A-4A83-BD97-DB8BB349C436}
	EndGlobalSection
EndGlobal
