
Microsoft Visual Studio Solution File, Format Version 12.00
# Visual Studio Version 16
VisualStudioVersion = 16.0.31205.134
MinimumVisualStudioVersion = 10.0.40219.1
Project("{FAE04EC0-301F-11D3-BF4B-00C04F79EFBC}") = "LINQ Operators - Partitioning 2", "LINQ Operators - Partitioning 2.csproj", "{0430E06F-8ED7-4A1D-8267-9D3AC840BE4B}"
EndProject
Global
	GlobalSection(SolutionConfigurationPlatforms) = preSolution
		Debug|Any CPU = Debug|Any CPU
		Release|Any CPU = Release|Any CPU
	EndGlobalSection
	GlobalSection(ProjectConfigurationPlatforms) = postSolution
		{0430E06F-8ED7-4A1D-8267-9D3AC840BE4B}.Debug|Any CPU.ActiveCfg = Debug|Any CPU
		{0430E06F-8ED7-4A1D-8267-9D3AC840BE4B}.Debug|Any CPU.Build.0 = Debug|Any CPU
		{0430E06F-8ED7-4A1D-8267-9D3AC840BE4B}.Release|Any CPU.ActiveCfg = Release|Any CPU
		{0430E06F-8ED7-4A1D-8267-9D3AC840BE4B}.Release|Any CPU.Build.0 = Release|Any CPU
	EndGlobalSection
	GlobalSection(SolutionProperties) = preSolution
		HideSolutionNode = FALSE
	EndGlobalSection
	GlobalSection(ExtensibilityGlobals) = postSolution
		SolutionGuid = {EA9B7127-D200-4068-9F47-0148EE651D91}
	EndGlobalSection
EndGlobal
