
Microsoft Visual Studio Solution File, Format Version 12.00
# Visual Studio Version 16
VisualStudioVersion = 16.0.31205.134
MinimumVisualStudioVersion = 10.0.40219.1
Project("{FAE04EC0-301F-11D3-BF4B-00C04F79EFBC}") = "LINQ_Operators- Join 5", "LINQ_Operators- Join 5.csproj", "{FD6278CE-5029-4EAB-8BBF-EBBC7BB3B30A}"
EndProject
Global
	GlobalSection(SolutionConfigurationPlatforms) = preSolution
		Debug|Any CPU = Debug|Any CPU
		Release|Any CPU = Release|Any CPU
	EndGlobalSection
	GlobalSection(ProjectConfigurationPlatforms) = postSolution
		{FD6278CE-5029-4EAB-8BBF-EBBC7BB3B30A}.Debug|Any CPU.ActiveCfg = Debug|Any CPU
		{FD6278CE-5029-4EAB-8BBF-EBBC7BB3B30A}.Debug|Any CPU.Build.0 = Debug|Any CPU
		{FD6278CE-5029-4EAB-8BBF-EBBC7BB3B30A}.Release|Any CPU.ActiveCfg = Release|Any CPU
		{FD6278CE-5029-4EAB-8BBF-EBBC7BB3B30A}.Release|Any CPU.Build.0 = Release|Any CPU
	EndGlobalSection
	GlobalSection(SolutionProperties) = preSolution
		HideSolutionNode = FALSE
	EndGlobalSection
	GlobalSection(ExtensibilityGlobals) = postSolution
		SolutionGuid = {C199E93D-17F1-4FC3-8D77-E80346C4CBFD}
	EndGlobalSection
EndGlobal
