
Microsoft Visual Studio Solution File, Format Version 12.00
# Visual Studio Version 16
VisualStudioVersion = 16.0.31205.134
MinimumVisualStudioVersion = 10.0.40219.1
Project("{FAE04EC0-301F-11D3-BF4B-00C04F79EFBC}") = "LINQ Operators - Ordering 1", "LINQ Operators - Ordering 1.csproj", "{198FD689-7E17-4462-A76C-C26B3C7F1716}"
EndProject
Global
	GlobalSection(SolutionConfigurationPlatforms) = preSolution
		Debug|Any CPU = Debug|Any CPU
		Release|Any CPU = Release|Any CPU
	EndGlobalSection
	GlobalSection(ProjectConfigurationPlatforms) = postSolution
		{198FD689-7E17-4462-A76C-C26B3C7F1716}.Debug|Any CPU.ActiveCfg = Debug|Any CPU
		{198FD689-7E17-4462-A76C-C26B3C7F1716}.Debug|Any CPU.Build.0 = Debug|Any CPU
		{198FD689-7E17-4462-A76C-C26B3C7F1716}.Release|Any CPU.ActiveCfg = Release|Any CPU
		{198FD689-7E17-4462-A76C-C26B3C7F1716}.Release|Any CPU.Build.0 = Release|Any CPU
	EndGlobalSection
	GlobalSection(SolutionProperties) = preSolution
		HideSolutionNode = FALSE
	EndGlobalSection
	GlobalSection(ExtensibilityGlobals) = postSolution
		SolutionGuid = {887A2263-861A-4ADA-B6AC-F71417900576}
	EndGlobalSection
EndGlobal
