
Microsoft Visual Studio Solution File, Format Version 12.00
# Visual Studio Version 16
VisualStudioVersion = 16.0.31205.134
MinimumVisualStudioVersion = 10.0.40219.1
Project("{FAE04EC0-301F-11D3-BF4B-00C04F79EFBC}") = "LINQ Operators -  Aggregation 2", "LINQ Operators -  Aggregation 2.csproj", "{C0F80268-9875-4BDC-B56C-F2DB8875C58A}"
EndProject
Global
	GlobalSection(SolutionConfigurationPlatforms) = preSolution
		Debug|Any CPU = Debug|Any CPU
		Release|Any CPU = Release|Any CPU
	EndGlobalSection
	GlobalSection(ProjectConfigurationPlatforms) = postSolution
		{C0F80268-9875-4BDC-B56C-F2DB8875C58A}.Debug|Any CPU.ActiveCfg = Debug|Any CPU
		{C0F80268-9875-4BDC-B56C-F2DB8875C58A}.Debug|Any CPU.Build.0 = Debug|Any CPU
		{C0F80268-9875-4BDC-B56C-F2DB8875C58A}.Release|Any CPU.ActiveCfg = Release|Any CPU
		{C0F80268-9875-4BDC-B56C-F2DB8875C58A}.Release|Any CPU.Build.0 = Release|Any CPU
	EndGlobalSection
	GlobalSection(SolutionProperties) = preSolution
		HideSolutionNode = FALSE
	EndGlobalSection
	GlobalSection(ExtensibilityGlobals) = postSolution
		SolutionGuid = {FE2A6DF3-A994-43E2-80F0-20D89BB5450C}
	EndGlobalSection
EndGlobal
